
Microsoft Visual Studio Solution File, Format Version 12.00
# Visual Studio Version 17
VisualStudioVersion = 17.8.34330.188
MinimumVisualStudioVersion = 10.0.40219.1
Project("{FAE04EC0-301F-11D3-BF4B-00C04F79EFBC}") = "Durable1", "Durable1.csproj", "{2DBBE27E-3C41-45C3-9262-392BEA69F709}"
EndProject
Global
	GlobalSection(SolutionConfigurationPlatforms) = preSolution
		Debug|Any CPU = Debug|Any CPU
		Release|Any CPU = Release|Any CPU
	EndGlobalSection
	GlobalSection(ProjectConfigurationPlatforms) = postSolution
		{2DBBE27E-3C41-45C3-9262-392BEA69F709}.Debug|Any CPU.ActiveCfg = Debug|Any CPU
		{2DBBE27E-3C41-45C3-9262-392BEA69F709}.Debug|Any CPU.Build.0 = Debug|Any CPU
		{2DBBE27E-3C41-45C3-9262-392BEA69F709}.Release|Any CPU.ActiveCfg = Release|Any CPU
		{2DBBE27E-3C41-45C3-9262-392BEA69F709}.Release|Any CPU.Build.0 = Release|Any CPU
	EndGlobalSection
	GlobalSection(SolutionProperties) = preSolution
		HideSolutionNode = FALSE
	EndGlobalSection
	GlobalSection(ExtensibilityGlobals) = postSolution
		SolutionGuid = {884607C1-1E23-4C2A-BC2A-1779B5EE3107}
	EndGlobalSection
EndGlobal
